
Microsoft Visual Studio Solution File, Format Version 12.00
# Visual Studio Version 16
VisualStudioVersion = 16.0.31515.178
MinimumVisualStudioVersion = 10.0.40219.1
Project("{2150E333-8FDC-42A3-9474-1A3956D46DE8}") = "Startup", "Startup", "{1FA9BAA9-DB01-4B08-81EE-A55A35708126}"
EndProject
Project("{9A19103F-16F7-4668-BE54-9A1E7A4F7556}") = "WpfClient", "..\..\src\Startup\WpfClient\WpfClient.csproj", "{E6F2C13B-E5D6-4D2B-99B4-F03769E820EA}"
EndProject
Project("{9A19103F-16F7-4668-BE54-9A1E7A4F7556}") = "Services", "..\..\src\Services\Services.csproj", "{3017785C-C191-401E-BF1D-A6DAE157B1AE}"
EndProject
Project("{2150E333-8FDC-42A3-9474-1A3956D46DE8}") = "Tools", "Tools", "{5913D9D5-C6F2-412D-96D0-10D0240F7181}"
EndProject
Project("{9A19103F-16F7-4668-BE54-9A1E7A4F7556}") = "BAJIEPA.Senticode.Wpf", "..\..\tools\src\BAJIEPA.Senticode.Wpf\BAJIEPA.Senticode.Wpf.csproj", "{8378D77A-0820-4FFE-8B2C-863C5422C8A5}"
EndProject
Project("{FAE04EC0-301F-11D3-BF4B-00C04F79EFBC}") = "ViewModels", "..\..\src\ViewModels\ViewModels.csproj", "{806D3D7F-F346-4A83-BDFD-00FEEE10CD93}"
EndProject
Global
	GlobalSection(SolutionConfigurationPlatforms) = preSolution
		Debug|Any CPU = Debug|Any CPU
		Release|Any CPU = Release|Any CPU
	EndGlobalSection
	GlobalSection(ProjectConfigurationPlatforms) = postSolution
		{E6F2C13B-E5D6-4D2B-99B4-F03769E820EA}.Debug|Any CPU.ActiveCfg = Debug|Any CPU
		{E6F2C13B-E5D6-4D2B-99B4-F03769E820EA}.Debug|Any CPU.Build.0 = Debug|Any CPU
		{E6F2C13B-E5D6-4D2B-99B4-F03769E820EA}.Release|Any CPU.ActiveCfg = Release|Any CPU
		{E6F2C13B-E5D6-4D2B-99B4-F03769E820EA}.Release|Any CPU.Build.0 = Release|Any CPU
		{3017785C-C191-401E-BF1D-A6DAE157B1AE}.Debug|Any CPU.ActiveCfg = Debug|Any CPU
		{3017785C-C191-401E-BF1D-A6DAE157B1AE}.Debug|Any CPU.Build.0 = Debug|Any CPU
		{3017785C-C191-401E-BF1D-A6DAE157B1AE}.Release|Any CPU.ActiveCfg = Release|Any CPU
		{3017785C-C191-401E-BF1D-A6DAE157B1AE}.Release|Any CPU.Build.0 = Release|Any CPU
		{8378D77A-0820-4FFE-8B2C-863C5422C8A5}.Debug|Any CPU.ActiveCfg = Debug|Any CPU
		{8378D77A-0820-4FFE-8B2C-863C5422C8A5}.Debug|Any CPU.Build.0 = Debug|Any CPU
		{8378D77A-0820-4FFE-8B2C-863C5422C8A5}.Release|Any CPU.ActiveCfg = Release|Any CPU
		{8378D77A-0820-4FFE-8B2C-863C5422C8A5}.Release|Any CPU.Build.0 = Release|Any CPU
		{806D3D7F-F346-4A83-BDFD-00FEEE10CD93}.Debug|Any CPU.ActiveCfg = Debug|Any CPU
		{806D3D7F-F346-4A83-BDFD-00FEEE10CD93}.Debug|Any CPU.Build.0 = Debug|Any CPU
		{806D3D7F-F346-4A83-BDFD-00FEEE10CD93}.Release|Any CPU.ActiveCfg = Release|Any CPU
		{806D3D7F-F346-4A83-BDFD-00FEEE10CD93}.Release|Any CPU.Build.0 = Release|Any CPU
	EndGlobalSection
	GlobalSection(SolutionProperties) = preSolution
		HideSolutionNode = FALSE
	EndGlobalSection
	GlobalSection(NestedProjects) = preSolution
		{E6F2C13B-E5D6-4D2B-99B4-F03769E820EA} = {1FA9BAA9-DB01-4B08-81EE-A55A35708126}
		{8378D77A-0820-4FFE-8B2C-863C5422C8A5} = {5913D9D5-C6F2-412D-96D0-10D0240F7181}
	EndGlobalSection
	GlobalSection(ExtensibilityGlobals) = postSolution
		SolutionGuid = {0FA01F2F-68E0-4C49-BD90-923BB72BC1EF}
	EndGlobalSection
EndGlobal
